<?xml version="1.0" encoding="utf-8"?>
<Project ToolsVersion="4.0" xmlns="http://schemas.microsoft.com/developer/msbuild/2003">
  <ItemGroup>
    <Filter Include="Source files">
      <UniqueIdentifier>{855680d2-8287-44d8-8509-65be59663d8f}</UniqueIdentifier>
      <Extensions>cpp;c;cc;cxx;def;odl;idl;hpj;bat;asm;asmx</Extensions>
    </Filter>
    <Filter Include="Header files">
      <UniqueIdentifier>{d0f10663-5f04-4fb8-bfee-96981bf232c7}</UniqueIdentifier>
      <Extensions>h;hpp;hxx;hm;inl;inc;xsd</Extensions>
    </Filter>
    <Filter Include="Resource files">
      <UniqueIdentifier>{270ca6a6-704e-4d33-b0ac-6fa4e729a0e7}</UniqueIdentifier>
      <Extensions>rc;ico;cur;bmp;dlg;rc2;rct;bin;rgs;gif;jpg;jpeg;jpe;resx;tiff;tif;png;wav</Extensions>
    </Filter>
    <Filter Include="Source files\Core">
      <UniqueIdentifier>{ab001704-e500-492f-80d4-3d2df6ee530d}</UniqueIdentifier>
    </Filter>
    <Filter Include="Source files\Core\Inc">
      <UniqueIdentifier>{4b1c0b57-4ef2-4970-84b9-e7fd57a81c6e}</UniqueIdentifier>
    </Filter>
    <Filter Include="Source files\Core\Src">
      <UniqueIdentifier>{1dfd4261-cf31-47cd-8bc6-d83f4e1630e0}</UniqueIdentifier>
    </Filter>
    <Filter Include="Source files\Core\Startup">
      <UniqueIdentifier>{13279bf9-0c11-4388-bcf3-77859d5ee078}</UniqueIdentifier>
    </Filter>
    <Filter Include="Source files\FATFS">
      <UniqueIdentifier>{79bd3984-25bb-4840-863a-76ccf133cc8c}</UniqueIdentifier>
    </Filter>
    <Filter Include="Source files\FATFS\App">
      <UniqueIdentifier>{bda5e0b4-cf48-4f43-a013-944741caa0b9}</UniqueIdentifier>
    </Filter>
    <Filter Include="Source files\FATFS\Target">
      <UniqueIdentifier>{977b06be-aa1e-45f6-88f5-eaa800e0af17}</UniqueIdentifier>
    </Filter>
    <Filter Include="Source files\Middlewares">
      <UniqueIdentifier>{9a09c96d-3fbc-49a7-99f1-81d4fce5591f}</UniqueIdentifier>
    </Filter>
    <Filter Include="Source files\Middlewares\Third_Party">
      <UniqueIdentifier>{df26842a-25be-4262-8d55-a7ce00df9ef9}</UniqueIdentifier>
    </Filter>
    <Filter Include="Source files\Middlewares\Third_Party\FatFs">
      <UniqueIdentifier>{96b6bba7-10c4-45ec-8d82-0d409bf380c1}</UniqueIdentifier>
    </Filter>
    <Filter Include="Source files\Middlewares\Third_Party\FatFs\src">
      <UniqueIdentifier>{3320a496-f2ab-463f-8439-fccaa4164d9e}</UniqueIdentifier>
    </Filter>
    <Filter Include="Source files\Middlewares\Third_Party\FatFs\src\option">
      <UniqueIdentifier>{25099aad-d1e1-4a4e-8db5-d74034088c83}</UniqueIdentifier>
    </Filter>
    <Filter Include="Source files\Middlewares\Third_Party\FreeRTOS">
      <UniqueIdentifier>{a6d2ea57-1511-46c4-905f-9e1d1b729999}</UniqueIdentifier>
    </Filter>
    <Filter Include="Source files\Middlewares\Third_Party\FreeRTOS\Source">
      <UniqueIdentifier>{aeba437a-9bc6-4c0d-8b0b-4e238497937d}</UniqueIdentifier>
    </Filter>
    <Filter Include="Source files\Middlewares\Third_Party\FreeRTOS\Source\CMSIS_RTOS">
      <UniqueIdentifier>{3309d124-e4a0-4ef4-9461-531cf0e8afcb}</UniqueIdentifier>
    </Filter>
    <Filter Include="Source files\Middlewares\Third_Party\FreeRTOS\Source\include">
      <UniqueIdentifier>{9c985db8-3136-44ce-a511-f01d56dc74ef}</UniqueIdentifier>
    </Filter>
    <Filter Include="Source files\Middlewares\Third_Party\FreeRTOS\Source\portable">
      <UniqueIdentifier>{67e5d0fa-b6bf-4497-90d5-ab038b46c259}</UniqueIdentifier>
    </Filter>
    <Filter Include="Source files\Middlewares\Third_Party\FreeRTOS\Source\portable\GCC">
      <UniqueIdentifier>{faf7b46e-eca4-483d-9828-154dc642f543}</UniqueIdentifier>
    </Filter>
    <Filter Include="Source files\Middlewares\Third_Party\FreeRTOS\Source\portable\GCC\ARM_CM7">
      <UniqueIdentifier>{56ddcf82-4226-4e9b-b309-d0d04f1c6bb8}</UniqueIdentifier>
    </Filter>
    <Filter Include="Source files\Middlewares\Third_Party\FreeRTOS\Source\portable\GCC\ARM_CM7\r0p1">
      <UniqueIdentifier>{eed25cb6-5dd0-403c-abed-58b1f2c8a8a9}</UniqueIdentifier>
    </Filter>
    <Filter Include="Source files\Middlewares\Third_Party\FreeRTOS\Source\portable\MemMang">
      <UniqueIdentifier>{f98085b6-bd0b-48c3-b37f-c34d01e2e030}</UniqueIdentifier>
    </Filter>
    <Filter Include="Source files\Drivers">
      <UniqueIdentifier>{1c661982-e1c2-4ec2-bf3f-efb1216773f2}</UniqueIdentifier>
    </Filter>
    <Filter Include="Source files\Drivers\CMSIS">
      <UniqueIdentifier>{8c14dc84-3b47-4acf-9de9-0d4cfcfa14c8}</UniqueIdentifier>
    </Filter>
    <Filter Include="Source files\Drivers\CMSIS\Device">
      <UniqueIdentifier>{6f5c2672-849a-4cdd-a3cd-e4f0236a05ce}</UniqueIdentifier>
    </Filter>
    <Filter Include="Source files\Drivers\CMSIS\Device\ST">
      <UniqueIdentifier>{ba2e3b77-21d2-4411-a47d-a202a2fee158}</UniqueIdentifier>
    </Filter>
    <Filter Include="Source files\Drivers\CMSIS\Device\ST\STM32F7xx">
      <UniqueIdentifier>{2a156cc3-bb24-4ad9-ac53-5f0c81a8f279}</UniqueIdentifier>
    </Filter>
    <Filter Include="Source files\Drivers\CMSIS\Device\ST\STM32F7xx\Include">
      <UniqueIdentifier>{36b1af6f-71b6-401d-b7c1-4dcb50e67926}</UniqueIdentifier>
    </Filter>
    <Filter Include="Source files\Drivers\CMSIS\Include">
      <UniqueIdentifier>{7982af89-3c0d-4808-82e7-3d17fed8409d}</UniqueIdentifier>
    </Filter>
    <Filter Include="Source files\Drivers\STM32F7xx_HAL_Driver">
      <UniqueIdentifier>{52e9ef6c-127d-4397-91f1-82e4a5c91821}</UniqueIdentifier>
    </Filter>
    <Filter Include="Source files\Drivers\STM32F7xx_HAL_Driver\Inc">
      <UniqueIdentifier>{b8b14bfc-4d7e-46d4-a83b-d462853c6ec3}</UniqueIdentifier>
    </Filter>
    <Filter Include="Source files\Drivers\STM32F7xx_HAL_Driver\Inc\Legacy">
      <UniqueIdentifier>{3182cb9a-8fbd-45ee-990e-588d1ea211af}</UniqueIdentifier>
    </Filter>
    <Filter Include="Source files\Drivers\STM32F7xx_HAL_Driver\Src">
      <UniqueIdentifier>{d9eb91e7-ab47-4072-bdd7-e07ea3d0c17f}</UniqueIdentifier>
    </Filter>
    <Filter Include="Source files\Device-specific files">
      <UniqueIdentifier>{8cc59cb3-711e-44a2-96d8-850707292eff}</UniqueIdentifier>
    </Filter>
    <Filter Include="Header files\Core">
      <UniqueIdentifier>{ced8c5af-52a9-4b9e-97c2-b1d01888cb4b}</UniqueIdentifier>
    </Filter>
    <Filter Include="Header files\Core\Inc">
      <UniqueIdentifier>{21668cff-f8b8-40e3-8592-9abe5729d03f}</UniqueIdentifier>
    </Filter>
    <Filter Include="Header files\Core\Src">
      <UniqueIdentifier>{76a701ae-19c9-44e5-af03-31ec07caf335}</UniqueIdentifier>
    </Filter>
    <Filter Include="Header files\Core\Startup">
      <UniqueIdentifier>{a9caab64-9df8-4d0b-ab8a-0a1cd2a97a30}</UniqueIdentifier>
    </Filter>
    <Filter Include="Header files\FATFS">
      <UniqueIdentifier>{5176c6c7-fb0c-44ee-a2f6-7056f089b139}</UniqueIdentifier>
    </Filter>
    <Filter Include="Header files\FATFS\App">
      <UniqueIdentifier>{033f1aab-2c81-4549-a596-2e350ffd4eb8}</UniqueIdentifier>
    </Filter>
    <Filter Include="Header files\FATFS\Target">
      <UniqueIdentifier>{d1952fbb-9e10-4aaa-ba99-884f94ca7176}</UniqueIdentifier>
    </Filter>
    <Filter Include="Header files\Middlewares">
      <UniqueIdentifier>{7b6fb4ba-1f06-4d56-a350-65c40285536a}</UniqueIdentifier>
    </Filter>
    <Filter Include="Header files\Middlewares\Third_Party">
      <UniqueIdentifier>{0d731244-eea6-4ead-bb57-7f12cef6e18e}</UniqueIdentifier>
    </Filter>
    <Filter Include="Header files\Middlewares\Third_Party\FatFs">
      <UniqueIdentifier>{0b4f6512-bc66-45ff-9dbd-2a0984c54ec9}</UniqueIdentifier>
    </Filter>
    <Filter Include="Header files\Middlewares\Third_Party\FatFs\src">
      <UniqueIdentifier>{f28cfc31-f17b-4ca7-aa5d-47651d0c4bcb}</UniqueIdentifier>
    </Filter>
    <Filter Include="Header files\Middlewares\Third_Party\FatFs\src\option">
      <UniqueIdentifier>{c3d1bdf7-ca3f-4f5b-a761-795faff5c810}</UniqueIdentifier>
    </Filter>
    <Filter Include="Header files\Middlewares\Third_Party\FreeRTOS">
      <UniqueIdentifier>{8acc0cbf-b3a8-48a5-9004-76f534f11628}</UniqueIdentifier>
    </Filter>
    <Filter Include="Header files\Middlewares\Third_Party\FreeRTOS\Source">
      <UniqueIdentifier>{ef7fc84e-29f3-49d2-82eb-f4887f7454f0}</UniqueIdentifier>
    </Filter>
    <Filter Include="Header files\Middlewares\Third_Party\FreeRTOS\Source\CMSIS_RTOS">
      <UniqueIdentifier>{cae02b2b-9dac-420a-b8d6-989cc81dfc4a}</UniqueIdentifier>
    </Filter>
    <Filter Include="Header files\Middlewares\Third_Party\FreeRTOS\Source\include">
      <UniqueIdentifier>{17ac7267-ba89-4b31-b97c-059801a536e7}</UniqueIdentifier>
    </Filter>
    <Filter Include="Header files\Middlewares\Third_Party\FreeRTOS\Source\portable">
      <UniqueIdentifier>{fed1d7a5-42b3-4b7d-90d3-9a17fb9ad4f1}</UniqueIdentifier>
    </Filter>
    <Filter Include="Header files\Middlewares\Third_Party\FreeRTOS\Source\portable\GCC">
      <UniqueIdentifier>{4cb1c710-fd1e-4b8d-8e2b-1f25ff9683e3}</UniqueIdentifier>
    </Filter>
    <Filter Include="Header files\Middlewares\Third_Party\FreeRTOS\Source\portable\GCC\ARM_CM7">
      <UniqueIdentifier>{97f911c9-57a3-4ef1-8301-20a1de0e68ba}</UniqueIdentifier>
    </Filter>
    <Filter Include="Header files\Middlewares\Third_Party\FreeRTOS\Source\portable\GCC\ARM_CM7\r0p1">
      <UniqueIdentifier>{c1d6c90e-1d97-4e29-addc-205d84ed2a9a}</UniqueIdentifier>
    </Filter>
    <Filter Include="Header files\Middlewares\Third_Party\FreeRTOS\Source\portable\MemMang">
      <UniqueIdentifier>{57daa54c-da24-439c-b3c0-b0df70b5b9b1}</UniqueIdentifier>
    </Filter>
    <Filter Include="Header files\Drivers">
      <UniqueIdentifier>{b59bff9b-15a2-47d3-94c3-e74eb62d797f}</UniqueIdentifier>
    </Filter>
    <Filter Include="Header files\Drivers\CMSIS">
      <UniqueIdentifier>{0966bf2e-f13e-4d47-9169-94b0e238d92a}</UniqueIdentifier>
    </Filter>
    <Filter Include="Header files\Drivers\CMSIS\Device">
      <UniqueIdentifier>{6ab81459-7b71-4ee9-b9f2-c4088f55a7b5}</UniqueIdentifier>
    </Filter>
    <Filter Include="Header files\Drivers\CMSIS\Device\ST">
      <UniqueIdentifier>{5614fe9d-b98e-43f3-880c-d7ec37dcd28b}</UniqueIdentifier>
    </Filter>
    <Filter Include="Header files\Drivers\CMSIS\Device\ST\STM32F7xx">
      <UniqueIdentifier>{19322dfa-b67f-49bc-b526-c6d424631b6a}</UniqueIdentifier>
    </Filter>
    <Filter Include="Header files\Drivers\CMSIS\Device\ST\STM32F7xx\Include">
      <UniqueIdentifier>{dfff187a-1067-408b-a43e-b998edac919f}</UniqueIdentifier>
    </Filter>
    <Filter Include="Header files\Drivers\CMSIS\Include">
      <UniqueIdentifier>{a09d6bb7-37cc-4251-858e-4feb705cc8d1}</UniqueIdentifier>
    </Filter>
    <Filter Include="Header files\Drivers\STM32F7xx_HAL_Driver">
      <UniqueIdentifier>{c9da42af-a1b8-4422-ab09-99da2085f00e}</UniqueIdentifier>
    </Filter>
    <Filter Include="Header files\Drivers\STM32F7xx_HAL_Driver\Inc">
      <UniqueIdentifier>{43f9223a-6171-4578-bf19-5c60cebea37b}</UniqueIdentifier>
    </Filter>
    <Filter Include="Header files\Drivers\STM32F7xx_HAL_Driver\Inc\Legacy">
      <UniqueIdentifier>{01fc6e79-09be-4c87-9d8d-f602c1961d49}</UniqueIdentifier>
    </Filter>
    <Filter Include="Header files\Drivers\STM32F7xx_HAL_Driver\Src">
      <UniqueIdentifier>{71b2b78b-2c91-4c37-beaf-915628f07d98}</UniqueIdentifier>
    </Filter>
    <Filter Include="Header files\Device-specific files">
      <UniqueIdentifier>{b8052169-f2f6-4fc4-92ec-bd9b39cd7edf}</UniqueIdentifier>
    </Filter>
    <Filter Include="VisualGDB settings">
      <UniqueIdentifier>{8edc4b2c-92f2-4134-b6cc-87ea6f83d3c6}</UniqueIdentifier>
    </Filter>
    <Filter Include="Source files\Game">
      <UniqueIdentifier>{a63dfc41-1300-4f2d-993c-42adb4298124}</UniqueIdentifier>
    </Filter>
    <Filter Include="Source files\Game\Graphics">
      <UniqueIdentifier>{521405fc-705f-474a-a2a7-8e9d4f011872}</UniqueIdentifier>
    </Filter>
    <Filter Include="Source files\Game\MainGame">
      <UniqueIdentifier>{a890f730-8252-4e0d-9d66-ac24b6c04339}</UniqueIdentifier>
    </Filter>
    <Filter Include="Source files\Game\Menu">
      <UniqueIdentifier>{6311299f-fabf-4ac0-a261-3db950604a9a}</UniqueIdentifier>
    </Filter>
    <Filter Include="Source files\Game\Graphics\Textures">
      <UniqueIdentifier>{798da283-3b80-4c78-b773-d1ddd7c4a4eb}</UniqueIdentifier>
    </Filter>
    <Filter Include="Source files\Game\MainGame\Objects">
      <UniqueIdentifier>{da0b409a-dc5e-4079-bbcb-6a084e1d5710}</UniqueIdentifier>
    </Filter>
    <Filter Include="Source files\Game\Menu\Objects">
      <UniqueIdentifier>{a88d98c3-bd34-48de-8d38-e38ea1e28d77}</UniqueIdentifier>
    </Filter>
  </ItemGroup>
  <ItemGroup>
    <ClInclude Include="Core\Inc\dma.h">
      <Filter>Source files\Core\Inc</Filter>
    </ClInclude>
    <ClInclude Include="Core\Inc\dma2d.h">
      <Filter>Source files\Core\Inc</Filter>
    </ClInclude>
    <ClInclude Include="Core\Inc\fmc.h">
      <Filter>Source files\Core\Inc</Filter>
    </ClInclude>
    <ClInclude Include="Core\Inc\FreeRTOSConfig.h">
      <Filter>Source files\Core\Inc</Filter>
    </ClInclude>
    <ClInclude Include="Core\Inc\gpio.h">
      <Filter>Source files\Core\Inc</Filter>
    </ClInclude>
    <ClInclude Include="Core\Inc\i2c.h">
      <Filter>Source files\Core\Inc</Filter>
    </ClInclude>
    <ClInclude Include="Core\Inc\ltdc.h">
      <Filter>Source files\Core\Inc</Filter>
    </ClInclude>
    <ClInclude Include="Core\Inc\main.h">
      <Filter>Source files\Core\Inc</Filter>
    </ClInclude>
    <ClInclude Include="Core\Inc\rng.h">
      <Filter>Source files\Core\Inc</Filter>
    </ClInclude>
    <ClInclude Include="Core\Inc\sdmmc.h">
      <Filter>Source files\Core\Inc</Filter>
    </ClInclude>
    <ClInclude Include="Core\Inc\stm32f7xx_hal_conf.h">
      <Filter>Source files\Core\Inc</Filter>
    </ClInclude>
    <ClInclude Include="Core\Inc\stm32f7xx_it.h">
      <Filter>Source files\Core\Inc</Filter>
    </ClInclude>
    <ClInclude Include="Core\Inc\usart.h">
      <Filter>Source files\Core\Inc</Filter>
    </ClInclude>
    <ClCompile Include="Core\Src\dma.c">
      <Filter>Source files\Core\Src</Filter>
    </ClCompile>
    <ClCompile Include="Core\Src\dma2d.c">
      <Filter>Source files\Core\Src</Filter>
    </ClCompile>
    <ClCompile Include="Core\Src\fmc.c">
      <Filter>Source files\Core\Src</Filter>
    </ClCompile>
    <ClCompile Include="Core\Src\freertos.c">
      <Filter>Source files\Core\Src</Filter>
    </ClCompile>
    <ClCompile Include="Core\Src\gpio.c">
      <Filter>Source files\Core\Src</Filter>
    </ClCompile>
    <ClCompile Include="Core\Src\i2c.c">
      <Filter>Source files\Core\Src</Filter>
    </ClCompile>
    <ClCompile Include="Core\Src\ltdc.c">
      <Filter>Source files\Core\Src</Filter>
    </ClCompile>
    <ClCompile Include="Core\Src\main.c">
      <Filter>Source files\Core\Src</Filter>
    </ClCompile>
    <ClCompile Include="Core\Src\rng.c">
      <Filter>Source files\Core\Src</Filter>
    </ClCompile>
    <ClCompile Include="Core\Src\sdmmc.c">
      <Filter>Source files\Core\Src</Filter>
    </ClCompile>
    <ClCompile Include="Core\Src\stm32f7xx_hal_msp.c">
      <Filter>Source files\Core\Src</Filter>
    </ClCompile>
    <ClCompile Include="Core\Src\stm32f7xx_hal_timebase_tim.c">
      <Filter>Source files\Core\Src</Filter>
    </ClCompile>
    <ClCompile Include="Core\Src\stm32f7xx_it.c">
      <Filter>Source files\Core\Src</Filter>
    </ClCompile>
    <ClCompile Include="Core\Src\syscalls.c">
      <Filter>Source files\Core\Src</Filter>
    </ClCompile>
    <ClCompile Include="Core\Src\sysmem.c">
      <Filter>Source files\Core\Src</Filter>
    </ClCompile>
    <ClCompile Include="Core\Src\system_stm32f7xx.c">
      <Filter>Source files\Core\Src</Filter>
    </ClCompile>
    <ClCompile Include="Core\Src\usart.c">
      <Filter>Source files\Core\Src</Filter>
    </ClCompile>
    <ClCompile Include="FATFS\App\fatfs.c">
      <Filter>Source files\FATFS\App</Filter>
    </ClCompile>
    <ClInclude Include="FATFS\App\fatfs.h">
      <Filter>Source files\FATFS\App</Filter>
    </ClInclude>
    <ClCompile Include="FATFS\Target\bsp_driver_sd.c">
      <Filter>Source files\FATFS\Target</Filter>
    </ClCompile>
    <ClInclude Include="FATFS\Target\bsp_driver_sd.h">
      <Filter>Source files\FATFS\Target</Filter>
    </ClInclude>
    <ClCompile Include="FATFS\Target\fatfs_platform.c">
      <Filter>Source files\FATFS\Target</Filter>
    </ClCompile>
    <ClInclude Include="FATFS\Target\fatfs_platform.h">
      <Filter>Source files\FATFS\Target</Filter>
    </ClInclude>
    <ClInclude Include="FATFS\Target\ffconf.h">
      <Filter>Source files\FATFS\Target</Filter>
    </ClInclude>
    <ClCompile Include="FATFS\Target\sd_diskio.c">
      <Filter>Source files\FATFS\Target</Filter>
    </ClCompile>
    <ClInclude Include="FATFS\Target\sd_diskio.h">
      <Filter>Source files\FATFS\Target</Filter>
    </ClInclude>
    <ClCompile Include="Middlewares\Third_Party\FatFs\src\diskio.c">
      <Filter>Source files\Middlewares\Third_Party\FatFs\src</Filter>
    </ClCompile>
    <ClInclude Include="Middlewares\Third_Party\FatFs\src\diskio.h">
      <Filter>Source files\Middlewares\Third_Party\FatFs\src</Filter>
    </ClInclude>
    <ClCompile Include="Middlewares\Third_Party\FatFs\src\ff.c">
      <Filter>Source files\Middlewares\Third_Party\FatFs\src</Filter>
    </ClCompile>
    <ClInclude Include="Middlewares\Third_Party\FatFs\src\ff.h">
      <Filter>Source files\Middlewares\Third_Party\FatFs\src</Filter>
    </ClInclude>
    <ClCompile Include="Middlewares\Third_Party\FatFs\src\ff_gen_drv.c">
      <Filter>Source files\Middlewares\Third_Party\FatFs\src</Filter>
    </ClCompile>
    <ClInclude Include="Middlewares\Third_Party\FatFs\src\ff_gen_drv.h">
      <Filter>Source files\Middlewares\Third_Party\FatFs\src</Filter>
    </ClInclude>
    <ClInclude Include="Middlewares\Third_Party\FatFs\src\integer.h">
      <Filter>Source files\Middlewares\Third_Party\FatFs\src</Filter>
    </ClInclude>
    <ClCompile Include="Middlewares\Third_Party\FatFs\src\option\syscall.c">
      <Filter>Source files\Middlewares\Third_Party\FatFs\src\option</Filter>
    </ClCompile>
    <ClCompile Include="Middlewares\Third_Party\FreeRTOS\Source\croutine.c">
      <Filter>Source files\Middlewares\Third_Party\FreeRTOS\Source</Filter>
    </ClCompile>
    <ClCompile Include="Middlewares\Third_Party\FreeRTOS\Source\event_groups.c">
      <Filter>Source files\Middlewares\Third_Party\FreeRTOS\Source</Filter>
    </ClCompile>
    <ClCompile Include="Middlewares\Third_Party\FreeRTOS\Source\list.c">
      <Filter>Source files\Middlewares\Third_Party\FreeRTOS\Source</Filter>
    </ClCompile>
    <ClCompile Include="Middlewares\Third_Party\FreeRTOS\Source\queue.c">
      <Filter>Source files\Middlewares\Third_Party\FreeRTOS\Source</Filter>
    </ClCompile>
    <ClCompile Include="Middlewares\Third_Party\FreeRTOS\Source\stream_buffer.c">
      <Filter>Source files\Middlewares\Third_Party\FreeRTOS\Source</Filter>
    </ClCompile>
    <ClCompile Include="Middlewares\Third_Party\FreeRTOS\Source\tasks.c">
      <Filter>Source files\Middlewares\Third_Party\FreeRTOS\Source</Filter>
    </ClCompile>
    <ClCompile Include="Middlewares\Third_Party\FreeRTOS\Source\timers.c">
      <Filter>Source files\Middlewares\Third_Party\FreeRTOS\Source</Filter>
    </ClCompile>
    <ClCompile Include="Middlewares\Third_Party\FreeRTOS\Source\CMSIS_RTOS\cmsis_os.c">
      <Filter>Source files\Middlewares\Third_Party\FreeRTOS\Source\CMSIS_RTOS</Filter>
    </ClCompile>
    <ClInclude Include="Middlewares\Third_Party\FreeRTOS\Source\CMSIS_RTOS\cmsis_os.h">
      <Filter>Source files\Middlewares\Third_Party\FreeRTOS\Source\CMSIS_RTOS</Filter>
    </ClInclude>
    <ClInclude Include="Middlewares\Third_Party\FreeRTOS\Source\include\croutine.h">
      <Filter>Source files\Middlewares\Third_Party\FreeRTOS\Source\include</Filter>
    </ClInclude>
    <ClInclude Include="Middlewares\Third_Party\FreeRTOS\Source\include\deprecated_definitions.h">
      <Filter>Source files\Middlewares\Third_Party\FreeRTOS\Source\include</Filter>
    </ClInclude>
    <ClInclude Include="Middlewares\Third_Party\FreeRTOS\Source\include\event_groups.h">
      <Filter>Source files\Middlewares\Third_Party\FreeRTOS\Source\include</Filter>
    </ClInclude>
    <ClInclude Include="Middlewares\Third_Party\FreeRTOS\Source\include\FreeRTOS.h">
      <Filter>Source files\Middlewares\Third_Party\FreeRTOS\Source\include</Filter>
    </ClInclude>
    <ClInclude Include="Middlewares\Third_Party\FreeRTOS\Source\include\list.h">
      <Filter>Source files\Middlewares\Third_Party\FreeRTOS\Source\include</Filter>
    </ClInclude>
    <ClInclude Include="Middlewares\Third_Party\FreeRTOS\Source\include\message_buffer.h">
      <Filter>Source files\Middlewares\Third_Party\FreeRTOS\Source\include</Filter>
    </ClInclude>
    <ClInclude Include="Middlewares\Third_Party\FreeRTOS\Source\include\mpu_prototypes.h">
      <Filter>Source files\Middlewares\Third_Party\FreeRTOS\Source\include</Filter>
    </ClInclude>
    <ClInclude Include="Middlewares\Third_Party\FreeRTOS\Source\include\mpu_wrappers.h">
      <Filter>Source files\Middlewares\Third_Party\FreeRTOS\Source\include</Filter>
    </ClInclude>
    <ClInclude Include="Middlewares\Third_Party\FreeRTOS\Source\include\portable.h">
      <Filter>Source files\Middlewares\Third_Party\FreeRTOS\Source\include</Filter>
    </ClInclude>
    <ClInclude Include="Middlewares\Third_Party\FreeRTOS\Source\include\projdefs.h">
      <Filter>Source files\Middlewares\Third_Party\FreeRTOS\Source\include</Filter>
    </ClInclude>
    <ClInclude Include="Middlewares\Third_Party\FreeRTOS\Source\include\queue.h">
      <Filter>Source files\Middlewares\Third_Party\FreeRTOS\Source\include</Filter>
    </ClInclude>
    <ClInclude Include="Middlewares\Third_Party\FreeRTOS\Source\include\semphr.h">
      <Filter>Source files\Middlewares\Third_Party\FreeRTOS\Source\include</Filter>
    </ClInclude>
    <ClInclude Include="Middlewares\Third_Party\FreeRTOS\Source\include\StackMacros.h">
      <Filter>Source files\Middlewares\Third_Party\FreeRTOS\Source\include</Filter>
    </ClInclude>
    <ClInclude Include="Middlewares\Third_Party\FreeRTOS\Source\include\stack_macros.h">
      <Filter>Source files\Middlewares\Third_Party\FreeRTOS\Source\include</Filter>
    </ClInclude>
    <ClInclude Include="Middlewares\Third_Party\FreeRTOS\Source\include\stream_buffer.h">
      <Filter>Source files\Middlewares\Third_Party\FreeRTOS\Source\include</Filter>
    </ClInclude>
    <ClInclude Include="Middlewares\Third_Party\FreeRTOS\Source\include\task.h">
      <Filter>Source files\Middlewares\Third_Party\FreeRTOS\Source\include</Filter>
    </ClInclude>
    <ClInclude Include="Middlewares\Third_Party\FreeRTOS\Source\include\timers.h">
      <Filter>Source files\Middlewares\Third_Party\FreeRTOS\Source\include</Filter>
    </ClInclude>
    <ClCompile Include="Middlewares\Third_Party\FreeRTOS\Source\portable\GCC\ARM_CM7\r0p1\port.c">
      <Filter>Source files\Middlewares\Third_Party\FreeRTOS\Source\portable\GCC\ARM_CM7\r0p1</Filter>
    </ClCompile>
    <ClInclude Include="Middlewares\Third_Party\FreeRTOS\Source\portable\GCC\ARM_CM7\r0p1\portmacro.h">
      <Filter>Source files\Middlewares\Third_Party\FreeRTOS\Source\portable\GCC\ARM_CM7\r0p1</Filter>
    </ClInclude>
    <ClCompile Include="Middlewares\Third_Party\FreeRTOS\Source\portable\MemMang\heap_4.c">
      <Filter>Source files\Middlewares\Third_Party\FreeRTOS\Source\portable\MemMang</Filter>
    </ClCompile>
    <ClInclude Include="Drivers\CMSIS\Device\ST\STM32F7xx\Include\stm32f746xx.h">
      <Filter>Source files\Drivers\CMSIS\Device\ST\STM32F7xx\Include</Filter>
    </ClInclude>
    <ClInclude Include="Drivers\CMSIS\Device\ST\STM32F7xx\Include\stm32f7xx.h">
      <Filter>Source files\Drivers\CMSIS\Device\ST\STM32F7xx\Include</Filter>
    </ClInclude>
    <ClInclude Include="Drivers\CMSIS\Device\ST\STM32F7xx\Include\system_stm32f7xx.h">
      <Filter>Source files\Drivers\CMSIS\Device\ST\STM32F7xx\Include</Filter>
    </ClInclude>
    <ClInclude Include="Drivers\CMSIS\Include\cmsis_armcc.h">
      <Filter>Source files\Drivers\CMSIS\Include</Filter>
    </ClInclude>
    <ClInclude Include="Drivers\CMSIS\Include\cmsis_armclang.h">
      <Filter>Source files\Drivers\CMSIS\Include</Filter>
    </ClInclude>
    <ClInclude Include="Drivers\CMSIS\Include\cmsis_compiler.h">
      <Filter>Source files\Drivers\CMSIS\Include</Filter>
    </ClInclude>
    <ClInclude Include="Drivers\CMSIS\Include\cmsis_gcc.h">
      <Filter>Source files\Drivers\CMSIS\Include</Filter>
    </ClInclude>
    <ClInclude Include="Drivers\CMSIS\Include\cmsis_iccarm.h">
      <Filter>Source files\Drivers\CMSIS\Include</Filter>
    </ClInclude>
    <ClInclude Include="Drivers\CMSIS\Include\cmsis_version.h">
      <Filter>Source files\Drivers\CMSIS\Include</Filter>
    </ClInclude>
    <ClInclude Include="Drivers\CMSIS\Include\core_armv8mbl.h">
      <Filter>Source files\Drivers\CMSIS\Include</Filter>
    </ClInclude>
    <ClInclude Include="Drivers\CMSIS\Include\core_armv8mml.h">
      <Filter>Source files\Drivers\CMSIS\Include</Filter>
    </ClInclude>
    <ClInclude Include="Drivers\CMSIS\Include\core_cm0.h">
      <Filter>Source files\Drivers\CMSIS\Include</Filter>
    </ClInclude>
    <ClInclude Include="Drivers\CMSIS\Include\core_cm0plus.h">
      <Filter>Source files\Drivers\CMSIS\Include</Filter>
    </ClInclude>
    <ClInclude Include="Drivers\CMSIS\Include\core_cm1.h">
      <Filter>Source files\Drivers\CMSIS\Include</Filter>
    </ClInclude>
    <ClInclude Include="Drivers\CMSIS\Include\core_cm23.h">
      <Filter>Source files\Drivers\CMSIS\Include</Filter>
    </ClInclude>
    <ClInclude Include="Drivers\CMSIS\Include\core_cm3.h">
      <Filter>Source files\Drivers\CMSIS\Include</Filter>
    </ClInclude>
    <ClInclude Include="Drivers\CMSIS\Include\core_cm33.h">
      <Filter>Source files\Drivers\CMSIS\Include</Filter>
    </ClInclude>
    <ClInclude Include="Drivers\CMSIS\Include\core_cm4.h">
      <Filter>Source files\Drivers\CMSIS\Include</Filter>
    </ClInclude>
    <ClInclude Include="Drivers\CMSIS\Include\core_cm7.h">
      <Filter>Source files\Drivers\CMSIS\Include</Filter>
    </ClInclude>
    <ClInclude Include="Drivers\CMSIS\Include\core_sc000.h">
      <Filter>Source files\Drivers\CMSIS\Include</Filter>
    </ClInclude>
    <ClInclude Include="Drivers\CMSIS\Include\core_sc300.h">
      <Filter>Source files\Drivers\CMSIS\Include</Filter>
    </ClInclude>
    <ClInclude Include="Drivers\CMSIS\Include\mpu_armv7.h">
      <Filter>Source files\Drivers\CMSIS\Include</Filter>
    </ClInclude>
    <ClInclude Include="Drivers\CMSIS\Include\mpu_armv8.h">
      <Filter>Source files\Drivers\CMSIS\Include</Filter>
    </ClInclude>
    <ClInclude Include="Drivers\CMSIS\Include\tz_context.h">
      <Filter>Source files\Drivers\CMSIS\Include</Filter>
    </ClInclude>
    <ClInclude Include="Drivers\STM32F7xx_HAL_Driver\Inc\stm32f7xx_hal.h">
      <Filter>Source files\Drivers\STM32F7xx_HAL_Driver\Inc</Filter>
    </ClInclude>
    <ClInclude Include="Drivers\STM32F7xx_HAL_Driver\Inc\stm32f7xx_hal_cortex.h">
      <Filter>Source files\Drivers\STM32F7xx_HAL_Driver\Inc</Filter>
    </ClInclude>
    <ClInclude Include="Drivers\STM32F7xx_HAL_Driver\Inc\stm32f7xx_hal_def.h">
      <Filter>Source files\Drivers\STM32F7xx_HAL_Driver\Inc</Filter>
    </ClInclude>
    <ClInclude Include="Drivers\STM32F7xx_HAL_Driver\Inc\stm32f7xx_hal_dma.h">
      <Filter>Source files\Drivers\STM32F7xx_HAL_Driver\Inc</Filter>
    </ClInclude>
    <ClInclude Include="Drivers\STM32F7xx_HAL_Driver\Inc\stm32f7xx_hal_dma2d.h">
      <Filter>Source files\Drivers\STM32F7xx_HAL_Driver\Inc</Filter>
    </ClInclude>
    <ClInclude Include="Drivers\STM32F7xx_HAL_Driver\Inc\stm32f7xx_hal_dma_ex.h">
      <Filter>Source files\Drivers\STM32F7xx_HAL_Driver\Inc</Filter>
    </ClInclude>
    <ClInclude Include="Drivers\STM32F7xx_HAL_Driver\Inc\stm32f7xx_hal_dsi.h">
      <Filter>Source files\Drivers\STM32F7xx_HAL_Driver\Inc</Filter>
    </ClInclude>
    <ClInclude Include="Drivers\STM32F7xx_HAL_Driver\Inc\stm32f7xx_hal_exti.h">
      <Filter>Source files\Drivers\STM32F7xx_HAL_Driver\Inc</Filter>
    </ClInclude>
    <ClInclude Include="Drivers\STM32F7xx_HAL_Driver\Inc\stm32f7xx_hal_flash.h">
      <Filter>Source files\Drivers\STM32F7xx_HAL_Driver\Inc</Filter>
    </ClInclude>
    <ClInclude Include="Drivers\STM32F7xx_HAL_Driver\Inc\stm32f7xx_hal_flash_ex.h">
      <Filter>Source files\Drivers\STM32F7xx_HAL_Driver\Inc</Filter>
    </ClInclude>
    <ClInclude Include="Drivers\STM32F7xx_HAL_Driver\Inc\stm32f7xx_hal_gpio.h">
      <Filter>Source files\Drivers\STM32F7xx_HAL_Driver\Inc</Filter>
    </ClInclude>
    <ClInclude Include="Drivers\STM32F7xx_HAL_Driver\Inc\stm32f7xx_hal_gpio_ex.h">
      <Filter>Source files\Drivers\STM32F7xx_HAL_Driver\Inc</Filter>
    </ClInclude>
    <ClInclude Include="Drivers\STM32F7xx_HAL_Driver\Inc\stm32f7xx_hal_i2c.h">
      <Filter>Source files\Drivers\STM32F7xx_HAL_Driver\Inc</Filter>
    </ClInclude>
    <ClInclude Include="Drivers\STM32F7xx_HAL_Driver\Inc\stm32f7xx_hal_i2c_ex.h">
      <Filter>Source files\Drivers\STM32F7xx_HAL_Driver\Inc</Filter>
    </ClInclude>
    <ClInclude Include="Drivers\STM32F7xx_HAL_Driver\Inc\stm32f7xx_hal_ltdc.h">
      <Filter>Source files\Drivers\STM32F7xx_HAL_Driver\Inc</Filter>
    </ClInclude>
    <ClInclude Include="Drivers\STM32F7xx_HAL_Driver\Inc\stm32f7xx_hal_ltdc_ex.h">
      <Filter>Source files\Drivers\STM32F7xx_HAL_Driver\Inc</Filter>
    </ClInclude>
    <ClInclude Include="Drivers\STM32F7xx_HAL_Driver\Inc\stm32f7xx_hal_pwr.h">
      <Filter>Source files\Drivers\STM32F7xx_HAL_Driver\Inc</Filter>
    </ClInclude>
    <ClInclude Include="Drivers\STM32F7xx_HAL_Driver\Inc\stm32f7xx_hal_pwr_ex.h">
      <Filter>Source files\Drivers\STM32F7xx_HAL_Driver\Inc</Filter>
    </ClInclude>
    <ClInclude Include="Drivers\STM32F7xx_HAL_Driver\Inc\stm32f7xx_hal_rcc.h">
      <Filter>Source files\Drivers\STM32F7xx_HAL_Driver\Inc</Filter>
    </ClInclude>
    <ClInclude Include="Drivers\STM32F7xx_HAL_Driver\Inc\stm32f7xx_hal_rcc_ex.h">
      <Filter>Source files\Drivers\STM32F7xx_HAL_Driver\Inc</Filter>
    </ClInclude>
    <ClInclude Include="Drivers\STM32F7xx_HAL_Driver\Inc\stm32f7xx_hal_rng.h">
      <Filter>Source files\Drivers\STM32F7xx_HAL_Driver\Inc</Filter>
    </ClInclude>
    <ClInclude Include="Drivers\STM32F7xx_HAL_Driver\Inc\stm32f7xx_hal_sd.h">
      <Filter>Source files\Drivers\STM32F7xx_HAL_Driver\Inc</Filter>
    </ClInclude>
    <ClInclude Include="Drivers\STM32F7xx_HAL_Driver\Inc\stm32f7xx_hal_sdram.h">
      <Filter>Source files\Drivers\STM32F7xx_HAL_Driver\Inc</Filter>
    </ClInclude>
    <ClInclude Include="Drivers\STM32F7xx_HAL_Driver\Inc\stm32f7xx_hal_tim.h">
      <Filter>Source files\Drivers\STM32F7xx_HAL_Driver\Inc</Filter>
    </ClInclude>
    <ClInclude Include="Drivers\STM32F7xx_HAL_Driver\Inc\stm32f7xx_hal_tim_ex.h">
      <Filter>Source files\Drivers\STM32F7xx_HAL_Driver\Inc</Filter>
    </ClInclude>
    <ClInclude Include="Drivers\STM32F7xx_HAL_Driver\Inc\stm32f7xx_hal_uart.h">
      <Filter>Source files\Drivers\STM32F7xx_HAL_Driver\Inc</Filter>
    </ClInclude>
    <ClInclude Include="Drivers\STM32F7xx_HAL_Driver\Inc\stm32f7xx_hal_uart_ex.h">
      <Filter>Source files\Drivers\STM32F7xx_HAL_Driver\Inc</Filter>
    </ClInclude>
    <ClInclude Include="Drivers\STM32F7xx_HAL_Driver\Inc\stm32f7xx_ll_bus.h">
      <Filter>Source files\Drivers\STM32F7xx_HAL_Driver\Inc</Filter>
    </ClInclude>
    <ClInclude Include="Drivers\STM32F7xx_HAL_Driver\Inc\stm32f7xx_ll_cortex.h">
      <Filter>Source files\Drivers\STM32F7xx_HAL_Driver\Inc</Filter>
    </ClInclude>
    <ClInclude Include="Drivers\STM32F7xx_HAL_Driver\Inc\stm32f7xx_ll_dma.h">
      <Filter>Source files\Drivers\STM32F7xx_HAL_Driver\Inc</Filter>
    </ClInclude>
    <ClInclude Include="Drivers\STM32F7xx_HAL_Driver\Inc\stm32f7xx_ll_dma2d.h">
      <Filter>Source files\Drivers\STM32F7xx_HAL_Driver\Inc</Filter>
    </ClInclude>
    <ClInclude Include="Drivers\STM32F7xx_HAL_Driver\Inc\stm32f7xx_ll_exti.h">
      <Filter>Source files\Drivers\STM32F7xx_HAL_Driver\Inc</Filter>
    </ClInclude>
    <ClInclude Include="Drivers\STM32F7xx_HAL_Driver\Inc\stm32f7xx_ll_fmc.h">
      <Filter>Source files\Drivers\STM32F7xx_HAL_Driver\Inc</Filter>
    </ClInclude>
    <ClInclude Include="Drivers\STM32F7xx_HAL_Driver\Inc\stm32f7xx_ll_gpio.h">
      <Filter>Source files\Drivers\STM32F7xx_HAL_Driver\Inc</Filter>
    </ClInclude>
    <ClInclude Include="Drivers\STM32F7xx_HAL_Driver\Inc\stm32f7xx_ll_i2c.h">
      <Filter>Source files\Drivers\STM32F7xx_HAL_Driver\Inc</Filter>
    </ClInclude>
    <ClInclude Include="Drivers\STM32F7xx_HAL_Driver\Inc\stm32f7xx_ll_pwr.h">
      <Filter>Source files\Drivers\STM32F7xx_HAL_Driver\Inc</Filter>
    </ClInclude>
    <ClInclude Include="Drivers\STM32F7xx_HAL_Driver\Inc\stm32f7xx_ll_rcc.h">
      <Filter>Source files\Drivers\STM32F7xx_HAL_Driver\Inc</Filter>
    </ClInclude>
    <ClInclude Include="Drivers\STM32F7xx_HAL_Driver\Inc\stm32f7xx_ll_rng.h">
      <Filter>Source files\Drivers\STM32F7xx_HAL_Driver\Inc</Filter>
    </ClInclude>
    <ClInclude Include="Drivers\STM32F7xx_HAL_Driver\Inc\stm32f7xx_ll_sdmmc.h">
      <Filter>Source files\Drivers\STM32F7xx_HAL_Driver\Inc</Filter>
    </ClInclude>
    <ClInclude Include="Drivers\STM32F7xx_HAL_Driver\Inc\stm32f7xx_ll_system.h">
      <Filter>Source files\Drivers\STM32F7xx_HAL_Driver\Inc</Filter>
    </ClInclude>
    <ClInclude Include="Drivers\STM32F7xx_HAL_Driver\Inc\stm32f7xx_ll_usart.h">
      <Filter>Source files\Drivers\STM32F7xx_HAL_Driver\Inc</Filter>
    </ClInclude>
    <ClInclude Include="Drivers\STM32F7xx_HAL_Driver\Inc\stm32f7xx_ll_utils.h">
      <Filter>Source files\Drivers\STM32F7xx_HAL_Driver\Inc</Filter>
    </ClInclude>
    <ClInclude Include="Drivers\STM32F7xx_HAL_Driver\Inc\Legacy\stm32_hal_legacy.h">
      <Filter>Source files\Drivers\STM32F7xx_HAL_Driver\Inc\Legacy</Filter>
    </ClInclude>
    <ClCompile Include="Drivers\STM32F7xx_HAL_Driver\Src\stm32f7xx_hal.c">
      <Filter>Source files\Drivers\STM32F7xx_HAL_Driver\Src</Filter>
    </ClCompile>
    <ClCompile Include="Drivers\STM32F7xx_HAL_Driver\Src\stm32f7xx_hal_cortex.c">
      <Filter>Source files\Drivers\STM32F7xx_HAL_Driver\Src</Filter>
    </ClCompile>
    <ClCompile Include="Drivers\STM32F7xx_HAL_Driver\Src\stm32f7xx_hal_dma.c">
      <Filter>Source files\Drivers\STM32F7xx_HAL_Driver\Src</Filter>
    </ClCompile>
    <ClCompile Include="Drivers\STM32F7xx_HAL_Driver\Src\stm32f7xx_hal_dma2d.c">
      <Filter>Source files\Drivers\STM32F7xx_HAL_Driver\Src</Filter>
    </ClCompile>
    <ClCompile Include="Drivers\STM32F7xx_HAL_Driver\Src\stm32f7xx_hal_dma_ex.c">
      <Filter>Source files\Drivers\STM32F7xx_HAL_Driver\Src</Filter>
    </ClCompile>
    <ClCompile Include="Drivers\STM32F7xx_HAL_Driver\Src\stm32f7xx_hal_dsi.c">
      <Filter>Source files\Drivers\STM32F7xx_HAL_Driver\Src</Filter>
    </ClCompile>
    <ClCompile Include="Drivers\STM32F7xx_HAL_Driver\Src\stm32f7xx_hal_exti.c">
      <Filter>Source files\Drivers\STM32F7xx_HAL_Driver\Src</Filter>
    </ClCompile>
    <ClCompile Include="Drivers\STM32F7xx_HAL_Driver\Src\stm32f7xx_hal_flash.c">
      <Filter>Source files\Drivers\STM32F7xx_HAL_Driver\Src</Filter>
    </ClCompile>
    <ClCompile Include="Drivers\STM32F7xx_HAL_Driver\Src\stm32f7xx_hal_flash_ex.c">
      <Filter>Source files\Drivers\STM32F7xx_HAL_Driver\Src</Filter>
    </ClCompile>
    <ClCompile Include="Drivers\STM32F7xx_HAL_Driver\Src\stm32f7xx_hal_gpio.c">
      <Filter>Source files\Drivers\STM32F7xx_HAL_Driver\Src</Filter>
    </ClCompile>
    <ClCompile Include="Drivers\STM32F7xx_HAL_Driver\Src\stm32f7xx_hal_i2c.c">
      <Filter>Source files\Drivers\STM32F7xx_HAL_Driver\Src</Filter>
    </ClCompile>
    <ClCompile Include="Drivers\STM32F7xx_HAL_Driver\Src\stm32f7xx_hal_i2c_ex.c">
      <Filter>Source files\Drivers\STM32F7xx_HAL_Driver\Src</Filter>
    </ClCompile>
    <ClCompile Include="Drivers\STM32F7xx_HAL_Driver\Src\stm32f7xx_hal_ltdc.c">
      <Filter>Source files\Drivers\STM32F7xx_HAL_Driver\Src</Filter>
    </ClCompile>
    <ClCompile Include="Drivers\STM32F7xx_HAL_Driver\Src\stm32f7xx_hal_ltdc_ex.c">
      <Filter>Source files\Drivers\STM32F7xx_HAL_Driver\Src</Filter>
    </ClCompile>
    <ClCompile Include="Drivers\STM32F7xx_HAL_Driver\Src\stm32f7xx_hal_pwr.c">
      <Filter>Source files\Drivers\STM32F7xx_HAL_Driver\Src</Filter>
    </ClCompile>
    <ClCompile Include="Drivers\STM32F7xx_HAL_Driver\Src\stm32f7xx_hal_pwr_ex.c">
      <Filter>Source files\Drivers\STM32F7xx_HAL_Driver\Src</Filter>
    </ClCompile>
    <ClCompile Include="Drivers\STM32F7xx_HAL_Driver\Src\stm32f7xx_hal_rcc.c">
      <Filter>Source files\Drivers\STM32F7xx_HAL_Driver\Src</Filter>
    </ClCompile>
    <ClCompile Include="Drivers\STM32F7xx_HAL_Driver\Src\stm32f7xx_hal_rcc_ex.c">
      <Filter>Source files\Drivers\STM32F7xx_HAL_Driver\Src</Filter>
    </ClCompile>
    <ClCompile Include="Drivers\STM32F7xx_HAL_Driver\Src\stm32f7xx_hal_rng.c">
      <Filter>Source files\Drivers\STM32F7xx_HAL_Driver\Src</Filter>
    </ClCompile>
    <ClCompile Include="Drivers\STM32F7xx_HAL_Driver\Src\stm32f7xx_hal_sd.c">
      <Filter>Source files\Drivers\STM32F7xx_HAL_Driver\Src</Filter>
    </ClCompile>
    <ClCompile Include="Drivers\STM32F7xx_HAL_Driver\Src\stm32f7xx_hal_sdram.c">
      <Filter>Source files\Drivers\STM32F7xx_HAL_Driver\Src</Filter>
    </ClCompile>
    <ClCompile Include="Drivers\STM32F7xx_HAL_Driver\Src\stm32f7xx_hal_tim.c">
      <Filter>Source files\Drivers\STM32F7xx_HAL_Driver\Src</Filter>
    </ClCompile>
    <ClCompile Include="Drivers\STM32F7xx_HAL_Driver\Src\stm32f7xx_hal_tim_ex.c">
      <Filter>Source files\Drivers\STM32F7xx_HAL_Driver\Src</Filter>
    </ClCompile>
    <ClCompile Include="Drivers\STM32F7xx_HAL_Driver\Src\stm32f7xx_hal_uart.c">
      <Filter>Source files\Drivers\STM32F7xx_HAL_Driver\Src</Filter>
    </ClCompile>
    <ClCompile Include="Drivers\STM32F7xx_HAL_Driver\Src\stm32f7xx_hal_uart_ex.c">
      <Filter>Source files\Drivers\STM32F7xx_HAL_Driver\Src</Filter>
    </ClCompile>
    <ClCompile Include="Drivers\STM32F7xx_HAL_Driver\Src\stm32f7xx_ll_fmc.c">
      <Filter>Source files\Drivers\STM32F7xx_HAL_Driver\Src</Filter>
    </ClCompile>
    <ClCompile Include="Drivers\STM32F7xx_HAL_Driver\Src\stm32f7xx_ll_sdmmc.c">
      <Filter>Source files\Drivers\STM32F7xx_HAL_Driver\Src</Filter>
    </ClCompile>
    <None Include="stm32.props">
      <Filter>Source files\Device-specific files</Filter>
    </None>
    <None Include="GameShooter-Debug.vgdbsettings">
      <Filter>VisualGDB settings</Filter>
    </None>
    <None Include="GameShooter-Release.vgdbsettings">
      <Filter>VisualGDB settings</Filter>
    </None>
    <None Include="stm32.xml">
      <Filter>VisualGDB settings</Filter>
    </None>
    <ClInclude Include="ExtraMemories.h">
      <Filter>Header files</Filter>
    </ClInclude>
    <ClInclude Include="Game\MainGame\Image.hpp">
      <Filter>Source files\Game\MainGame</Filter>
    </ClInclude>
    <ClInclude Include="Core\Inc\ft5336.h">
      <Filter>Source files\Core\Inc</Filter>
    </ClInclude>
    <ClInclude Include="Core\Inc\GUIConf.h">
      <Filter>Source files\Core\Inc</Filter>
    </ClInclude>
    <ClInclude Include="Core\Inc\LCDConf.h">
      <Filter>Source files\Core\Inc</Filter>
    </ClInclude>
    <ClInclude Include="Core\Inc\sdram.h">
      <Filter>Source files\Core\Inc</Filter>
    </ClInclude>
    <ClInclude Include="Game\MainGame\Objects\Block.hpp">
      <Filter>Source files\Game\MainGame\Objects</Filter>
    </ClInclude>
    <ClInclude Include="Game\MainGame\Objects\Bonus.hpp">
      <Filter>Source files\Game\MainGame\Objects</Filter>
    </ClInclude>
    <ClInclude Include="Game\MainGame\Objects\Bullet.hpp">
      <Filter>Source files\Game\MainGame\Objects</Filter>
    </ClInclude>
    <ClInclude Include="Game\MainGame\Objects\Enemy.hpp">
      <Filter>Source files\Game\MainGame\Objects</Filter>
    </ClInclude>
    <ClInclude Include="Game\MainGame\Objects\GameObject.hpp">
      <Filter>Source files\Game\MainGame\Objects</Filter>
    </ClInclude>
    <ClInclude Include="Game\MainGame\Objects\Human.hpp">
      <Filter>Source files\Game\MainGame\Objects</Filter>
    </ClInclude>
    <ClInclude Include="Game\MainGame\Objects\Player.hpp">
      <Filter>Source files\Game\MainGame\Objects</Filter>
    </ClInclude>
    <ClInclude Include="Game\MainGame\Array.hpp">
      <Filter>Source files\Game\MainGame</Filter>
    </ClInclude>
    <ClInclude Include="Game\MainGame\Body.hpp">
      <Filter>Source files\Game\MainGame</Filter>
    </ClInclude>
    <ClInclude Include="Game\MainGame\Game.hpp">
      <Filter>Source files\Game\MainGame</Filter>
    </ClInclude>
    <ClInclude Include="Game\MainGame\GameObjectType.hpp">
      <Filter>Source files\Game\MainGame</Filter>
    </ClInclude>
    <ClInclude Include="Game\MainGame\Joystick.hpp">
      <Filter>Source files\Game\MainGame</Filter>
    </ClInclude>
    <ClInclude Include="Game\MainGame\Level.hpp">
      <Filter>Source files\Game\MainGame</Filter>
    </ClInclude>
    <ClInclude Include="Game\MainGame\Point.hpp">
      <Filter>Source files\Game\MainGame</Filter>
    </ClInclude>
    <ClInclude Include="Game\MainGame\Size.hpp">
      <Filter>Source files\Game\MainGame</Filter>
    </ClInclude>
    <ClInclude Include="Game\Menu\Objects\Button.hpp">
      <Filter>Source files\Game\Menu\Objects</Filter>
    </ClInclude>
    <ClInclude Include="Game\Menu\Objects\CheckBox.hpp">
      <Filter>Source files\Game\Menu\Objects</Filter>
    </ClInclude>
    <ClInclude Include="Game\Menu\Objects\MenuObject.hpp">
      <Filter>Source files\Game\Menu\Objects</Filter>
    </ClInclude>
    <ClInclude Include="Game\Menu\MainMenuItem.hpp">
      <Filter>Source files\Game\Menu</Filter>
    </ClInclude>
    <ClInclude Include="Game\Menu\MenuConstructor.hpp">
      <Filter>Source files\Game\Menu</Filter>
    </ClInclude>
    <ClInclude Include="Game\Menu\PauseMenu.hpp">
      <Filter>Source files\Game\Menu</Filter>
    </ClInclude>
    <ClInclude Include="Game\Constants.hpp">
      <Filter>Source files\Game</Filter>
    </ClInclude>
    <ClInclude Include="Game\CtoCppBridge.hpp">
      <Filter>Source files\Game</Filter>
    </ClInclude>
  </ItemGroup>
  <ItemGroup>
    <LinkerScript Include="STM32F746NG_flash.lds">
      <Filter>Source files</Filter>
    </LinkerScript>
  </ItemGroup>
  <ItemGroup>
    <ClCompile Include="ExtraMemories.c">
      <Filter>Source files</Filter>
    </ClCompile>
    <ClCompile Include="Core\Src\ft5336.c">
      <Filter>Source files\Core\Src</Filter>
    </ClCompile>
    <ClCompile Include="Core\Src\LCDConf.c">
      <Filter>Source files\Core\Src</Filter>
    </ClCompile>
    <ClCompile Include="Core\Src\GUI_X.c">
      <Filter>Source files\Core\Src</Filter>
    </ClCompile>
    <ClCompile Include="Core\Src\GUIConf.c">
      <Filter>Source files\Core\Src</Filter>
    </ClCompile>
    <ClCompile Include="Core\Src\sdram.c">
      <Filter>Source files\Core\Src</Filter>
    </ClCompile>
    <ClCompile Include="Game\Graphics\Textures\25\Enemy.c">
      <Filter>Source files\Game\Graphics\Textures</Filter>
    </ClCompile>
    <ClCompile Include="Game\Graphics\Textures\25\EnemyBullet.c">
      <Filter>Source files\Game\Graphics\Textures</Filter>
    </ClCompile>
    <ClCompile Include="Game\Graphics\Textures\25\EnemyDamaged.c">
      <Filter>Source files\Game\Graphics\Textures</Filter>
    </ClCompile>
    <ClCompile Include="Game\Graphics\Textures\25\Heart.c">
      <Filter>Source files\Game\Graphics\Textures</Filter>
    </ClCompile>
    <ClCompile Include="Game\Graphics\Textures\25\Player.c">
      <Filter>Source files\Game\Graphics\Textures</Filter>
    </ClCompile>
    <ClCompile Include="Game\Graphics\Textures\25\PlayerBullet.c">
      <Filter>Source files\Game\Graphics\Textures</Filter>
    </ClCompile>
    <ClCompile Include="Game\Graphics\Textures\25\PlayerDamaged.c">
      <Filter>Source files\Game\Graphics\Textures</Filter>
    </ClCompile>
    <ClCompile Include="Game\Graphics\Textures\25\Shield.c">
      <Filter>Source files\Game\Graphics\Textures</Filter>
    </ClCompile>
    <ClCompile Include="Game\Graphics\Textures\25\Speed.c">
      <Filter>Source files\Game\Graphics\Textures</Filter>
    </ClCompile>
    <ClCompile Include="Game\Graphics\Textures\25\Star.c">
      <Filter>Source files\Game\Graphics\Textures</Filter>
    </ClCompile>
    <ClCompile Include="Game\Graphics\Textures\25\WoodenBox.c">
      <Filter>Source files\Game\Graphics\Textures</Filter>
    </ClCompile>
    <ClCompile Include="Game\MainGame\Objects\Block.cpp">
      <Filter>Source files\Game\MainGame\Objects</Filter>
    </ClCompile>
    <ClCompile Include="Game\MainGame\Objects\Bonus.cpp">
      <Filter>Source files\Game\MainGame\Objects</Filter>
    </ClCompile>
    <ClCompile Include="Game\MainGame\Objects\Bullet.cpp">
      <Filter>Source files\Game\MainGame\Objects</Filter>
    </ClCompile>
    <ClCompile Include="Game\MainGame\Objects\Enemy.cpp">
      <Filter>Source files\Game\MainGame\Objects</Filter>
    </ClCompile>
    <ClCompile Include="Game\MainGame\Objects\GameObject.cpp">
      <Filter>Source files\Game\MainGame\Objects</Filter>
    </ClCompile>
    <ClCompile Include="Game\MainGame\Objects\Human.cpp">
      <Filter>Source files\Game\MainGame\Objects</Filter>
    </ClCompile>
    <ClCompile Include="Game\MainGame\Objects\Player.cpp">
      <Filter>Source files\Game\MainGame\Objects</Filter>
    </ClCompile>
    <ClCompile Include="Game\MainGame\Game.cpp">
      <Filter>Source files\Game\MainGame</Filter>
    </ClCompile>
    <ClCompile Include="Game\MainGame\Joystick.cpp">
      <Filter>Source files\Game\MainGame</Filter>
    </ClCompile>
    <ClCompile Include="Game\MainGame\Level.cpp">
      <Filter>Source files\Game\MainGame</Filter>
    </ClCompile>
    <ClCompile Include="Game\Menu\Objects\Button.cpp">
      <Filter>Source files\Game\Menu\Objects</Filter>
    </ClCompile>
    <ClCompile Include="Game\Menu\Objects\CheckBox.cpp">
      <Filter>Source files\Game\Menu\Objects</Filter>
    </ClCompile>
    <ClCompile Include="Game\Menu\Objects\MenuObject.cpp">
      <Filter>Source files\Game\Menu\Objects</Filter>
    </ClCompile>
    <ClCompile Include="Game\Menu\MenuConstructor.cpp">
      <Filter>Source files\Game\Menu</Filter>
    </ClCompile>
    <ClCompile Include="Game\Menu\PauseMenu.cpp">
      <Filter>Source files\Game\Menu</Filter>
    </ClCompile>
    <ClCompile Include="Game\CtoCppBridge.cpp">
      <Filter>Source files\Game</Filter>
    </ClCompile>
    <ClCompile Include="Core\Startup\startup_stm32f746nghx.S">
      <Filter>Source files\Core\Startup</Filter>
    </ClCompile>
  </ItemGroup>
</Project>